
Microsoft Visual Studio Solution File, Format Version 12.00
# Visual Studio Version 17
VisualStudioVersion = 17.14.36705.20 d17.14
MinimumVisualStudioVersion = 10.0.40219.1
Project("{FAE04EC0-301F-11D3-BF4B-00C04F79EFBC}") = "HelloWorld_Magana_Nathan", "HelloWorld_Magana_Nathan.csproj", "{D6A1D118-7DB9-4407-9326-FCF24036E6FA}"
EndProject
Global
	GlobalSection(SolutionConfigurationPlatforms) = preSolution
		Debug|Any CPU = Debug|Any CPU
		Release|Any CPU = Release|Any CPU
	EndGlobalSection
	GlobalSection(ProjectConfigurationPlatforms) = postSolution
		{D6A1D118-7DB9-4407-9326-FCF24036E6FA}.Debug|Any CPU.ActiveCfg = Debug|Any CPU
		{D6A1D118-7DB9-4407-9326-FCF24036E6FA}.Debug|Any CPU.Build.0 = Debug|Any CPU
		{D6A1D118-7DB9-4407-9326-FCF24036E6FA}.Release|Any CPU.ActiveCfg = Release|Any CPU
		{D6A1D118-7DB9-4407-9326-FCF24036E6FA}.Release|Any CPU.Build.0 = Release|Any CPU
	EndGlobalSection
	GlobalSection(SolutionProperties) = preSolution
		HideSolutionNode = FALSE
	EndGlobalSection
	GlobalSection(ExtensibilityGlobals) = postSolution
		SolutionGuid = {EF3004E3-DCA6-49FB-9B02-F537C6A6D0D6}
	EndGlobalSection
EndGlobal
